
Microsoft Visual Studio Solution File, Format Version 12.00
# Visual Studio Version 17
VisualStudioVersion = 17.14.36414.22 d17.14
MinimumVisualStudioVersion = 10.0.40219.1
Project("{FAE04EC0-301F-11D3-BF4B-00C04F79EFBC}") = "BaiTapThietKeForm", "BaiTapThietKeForm\BaiTapThietKeForm.csproj", "{874F2D83-B126-40AF-BD4B-43DC2133F575}"
EndProject
Global
	GlobalSection(SolutionConfigurationPlatforms) = preSolution
		Debug|Any CPU = Debug|Any CPU
		Release|Any CPU = Release|Any CPU
	EndGlobalSection
	GlobalSection(ProjectConfigurationPlatforms) = postSolution
		{874F2D83-B126-40AF-BD4B-43DC2133F575}.Debug|Any CPU.ActiveCfg = Debug|Any CPU
		{874F2D83-B126-40AF-BD4B-43DC2133F575}.Debug|Any CPU.Build.0 = Debug|Any CPU
		{874F2D83-B126-40AF-BD4B-43DC2133F575}.Release|Any CPU.ActiveCfg = Release|Any CPU
		{874F2D83-B126-40AF-BD4B-43DC2133F575}.Release|Any CPU.Build.0 = Release|Any CPU
	EndGlobalSection
	GlobalSection(SolutionProperties) = preSolution
		HideSolutionNode = FALSE
	EndGlobalSection
	GlobalSection(ExtensibilityGlobals) = postSolution
		SolutionGuid = {29CBAB7C-91B3-4FC5-B0F8-C4042E73584B}
	EndGlobalSection
EndGlobal
